
Microsoft Visual Studio Solution File, Format Version 12.00
# Visual Studio Version 16
VisualStudioVersion = 16.0.31729.503
MinimumVisualStudioVersion = 10.0.40219.1
Project("{8BC9CEB8-8B4A-11D0-8D11-00A0C91BC942}") = "Polinom(old)", "Polinom\Polinom.vcxproj", "{3537599E-5C3B-4C6B-8601-1603D79BC956}"
EndProject
Project("{8BC9CEB8-8B4A-11D0-8D11-00A0C91BC942}") = "Test", "Test\Test.vcxproj", "{38BC3D9A-59CD-4450-A28C-29D0546A8AA3}"
EndProject
Project("{8BC9CEB8-8B4A-11D0-8D11-00A0C91BC942}") = "TPolinom", "TPolinom\TPolinom.vcxproj", "{7350DB66-97C8-4379-A1CD-DF7225C3878C}"
EndProject
Global
	GlobalSection(SolutionConfigurationPlatforms) = preSolution
		Debug|x64 = Debug|x64
		Debug|x86 = Debug|x86
		Release|x64 = Release|x64
		Release|x86 = Release|x86
	EndGlobalSection
	GlobalSection(ProjectConfigurationPlatforms) = postSolution
		{3537599E-5C3B-4C6B-8601-1603D79BC956}.Debug|x64.ActiveCfg = Debug|x64
		{3537599E-5C3B-4C6B-8601-1603D79BC956}.Debug|x64.Build.0 = Debug|x64
		{3537599E-5C3B-4C6B-8601-1603D79BC956}.Debug|x86.ActiveCfg = Debug|Win32
		{3537599E-5C3B-4C6B-8601-1603D79BC956}.Debug|x86.Build.0 = Debug|Win32
		{3537599E-5C3B-4C6B-8601-1603D79BC956}.Release|x64.ActiveCfg = Release|x64
		{3537599E-5C3B-4C6B-8601-1603D79BC956}.Release|x64.Build.0 = Release|x64
		{3537599E-5C3B-4C6B-8601-1603D79BC956}.Release|x86.ActiveCfg = Release|Win32
		{3537599E-5C3B-4C6B-8601-1603D79BC956}.Release|x86.Build.0 = Release|Win32
		{38BC3D9A-59CD-4450-A28C-29D0546A8AA3}.Debug|x64.ActiveCfg = Debug|x64
		{38BC3D9A-59CD-4450-A28C-29D0546A8AA3}.Debug|x64.Build.0 = Debug|x64
		{38BC3D9A-59CD-4450-A28C-29D0546A8AA3}.Debug|x86.ActiveCfg = Debug|Win32
		{38BC3D9A-59CD-4450-A28C-29D0546A8AA3}.Debug|x86.Build.0 = Debug|Win32
		{38BC3D9A-59CD-4450-A28C-29D0546A8AA3}.Release|x64.ActiveCfg = Release|x64
		{38BC3D9A-59CD-4450-A28C-29D0546A8AA3}.Release|x64.Build.0 = Release|x64
		{38BC3D9A-59CD-4450-A28C-29D0546A8AA3}.Release|x86.ActiveCfg = Release|Win32
		{38BC3D9A-59CD-4450-A28C-29D0546A8AA3}.Release|x86.Build.0 = Release|Win32
		{7350DB66-97C8-4379-A1CD-DF7225C3878C}.Debug|x64.ActiveCfg = Debug|x64
		{7350DB66-97C8-4379-A1CD-DF7225C3878C}.Debug|x64.Build.0 = Debug|x64
		{7350DB66-97C8-4379-A1CD-DF7225C3878C}.Debug|x86.ActiveCfg = Debug|Win32
		{7350DB66-97C8-4379-A1CD-DF7225C3878C}.Debug|x86.Build.0 = Debug|Win32
		{7350DB66-97C8-4379-A1CD-DF7225C3878C}.Release|x64.ActiveCfg = Release|x64
		{7350DB66-97C8-4379-A1CD-DF7225C3878C}.Release|x64.Build.0 = Release|x64
		{7350DB66-97C8-4379-A1CD-DF7225C3878C}.Release|x86.ActiveCfg = Release|Win32
		{7350DB66-97C8-4379-A1CD-DF7225C3878C}.Release|x86.Build.0 = Release|Win32
	EndGlobalSection
	GlobalSection(SolutionProperties) = preSolution
		HideSolutionNode = FALSE
	EndGlobalSection
	GlobalSection(ExtensibilityGlobals) = postSolution
		SolutionGuid = {02ACAA68-5209-4EAD-819A-3923B44AA77D}
	EndGlobalSection
EndGlobal
